
Microsoft Visual Studio Solution File, Format Version 12.00
# Visual Studio 15
Project("{FAE04EC0-301F-11D3-BF4B-00C04F79EFBC}") = "XCharts.Runtime", "XCharts.Runtime.csproj", "{5100997F-0EBF-CE9D-2322-C57D730D5A68}"
EndProject
Project("{FAE04EC0-301F-11D3-BF4B-00C04F79EFBC}") = "XCharts.Editor", "XCharts.Editor.csproj", "{8457F823-2C58-5299-2B60-5FE9BDC44B73}"
EndProject
Project("{FAE04EC0-301F-11D3-BF4B-00C04F79EFBC}") = "Assembly-CSharp", "Assembly-CSharp.csproj", "{BAD50EF2-BD62-6CC1-32D4-595B14621E75}"
EndProject
Project("{FAE04EC0-301F-11D3-BF4B-00C04F79EFBC}") = "XCharts.Examples", "XCharts.Examples.csproj", "{82D88BB5-06D1-6CA2-50DB-8F87902DFBCB}"
EndProject
Project("{FAE04EC0-301F-11D3-BF4B-00C04F79EFBC}") = "Assembly-CSharp-Editor", "Assembly-CSharp-Editor.csproj", "{AE32DBB4-5A1A-E541-9186-B32326ADDE41}"
EndProject
Global
	GlobalSection(SolutionConfigurationPlatforms) = preSolution
		Debug|Any CPU = Debug|Any CPU
		Release|Any CPU = Release|Any CPU
	EndGlobalSection
	GlobalSection(ProjectConfigurationPlatforms) = postSolution
		{5100997F-0EBF-CE9D-2322-C57D730D5A68}.Debug|Any CPU.ActiveCfg = Debug|Any CPU
		{5100997F-0EBF-CE9D-2322-C57D730D5A68}.Debug|Any CPU.Build.0 = Debug|Any CPU
		{5100997F-0EBF-CE9D-2322-C57D730D5A68}.Release|Any CPU.ActiveCfg = Release|Any CPU
		{5100997F-0EBF-CE9D-2322-C57D730D5A68}.Release|Any CPU.Build.0 = Release|Any CPU
		{8457F823-2C58-5299-2B60-5FE9BDC44B73}.Debug|Any CPU.ActiveCfg = Debug|Any CPU
		{8457F823-2C58-5299-2B60-5FE9BDC44B73}.Debug|Any CPU.Build.0 = Debug|Any CPU
		{8457F823-2C58-5299-2B60-5FE9BDC44B73}.Release|Any CPU.ActiveCfg = Release|Any CPU
		{8457F823-2C58-5299-2B60-5FE9BDC44B73}.Release|Any CPU.Build.0 = Release|Any CPU
		{BAD50EF2-BD62-6CC1-32D4-595B14621E75}.Debug|Any CPU.ActiveCfg = Debug|Any CPU
		{BAD50EF2-BD62-6CC1-32D4-595B14621E75}.Debug|Any CPU.Build.0 = Debug|Any CPU
		{BAD50EF2-BD62-6CC1-32D4-595B14621E75}.Release|Any CPU.ActiveCfg = Release|Any CPU
		{BAD50EF2-BD62-6CC1-32D4-595B14621E75}.Release|Any CPU.Build.0 = Release|Any CPU
		{82D88BB5-06D1-6CA2-50DB-8F87902DFBCB}.Debug|Any CPU.ActiveCfg = Debug|Any CPU
		{82D88BB5-06D1-6CA2-50DB-8F87902DFBCB}.Debug|Any CPU.Build.0 = Debug|Any CPU
		{82D88BB5-06D1-6CA2-50DB-8F87902DFBCB}.Release|Any CPU.ActiveCfg = Release|Any CPU
		{82D88BB5-06D1-6CA2-50DB-8F87902DFBCB}.Release|Any CPU.Build.0 = Release|Any CPU
		{AE32DBB4-5A1A-E541-9186-B32326ADDE41}.Debug|Any CPU.ActiveCfg = Debug|Any CPU
		{AE32DBB4-5A1A-E541-9186-B32326ADDE41}.Debug|Any CPU.Build.0 = Debug|Any CPU
		{AE32DBB4-5A1A-E541-9186-B32326ADDE41}.Release|Any CPU.ActiveCfg = Release|Any CPU
		{AE32DBB4-5A1A-E541-9186-B32326ADDE41}.Release|Any CPU.Build.0 = Release|Any CPU
	EndGlobalSection
	GlobalSection(SolutionProperties) = preSolution
		HideSolutionNode = FALSE
	EndGlobalSection
EndGlobal
